
Microsoft Visual Studio Solution File, Format Version 12.00
Project("{FAE04EC0-301F-11D3-BF4B-00C04F79EFBC}") = "WebApplication1", "WebApplication1\WebApplication1.csproj", "{268030D5-EB15-4B47-96F9-0F02B0D9ED66}"
EndProject
Global
	GlobalSection(SolutionConfigurationPlatforms) = preSolution
		Debug|Any CPU = Debug|Any CPU
		Release|Any CPU = Release|Any CPU
	EndGlobalSection
	GlobalSection(ProjectConfigurationPlatforms) = postSolution
		{268030D5-EB15-4B47-96F9-0F02B0D9ED66}.Debug|Any CPU.ActiveCfg = Debug|Any CPU
		{268030D5-EB15-4B47-96F9-0F02B0D9ED66}.Debug|Any CPU.Build.0 = Debug|Any CPU
		{268030D5-EB15-4B47-96F9-0F02B0D9ED66}.Release|Any CPU.ActiveCfg = Release|Any CPU
		{268030D5-EB15-4B47-96F9-0F02B0D9ED66}.Release|Any CPU.Build.0 = Release|Any CPU
	EndGlobalSection
EndGlobal
